<?xml version="1.0" encoding="utf-8"?>
<Project ToolsVersion="4.0" xmlns="http://schemas.microsoft.com/developer/msbuild/2003">
  <ItemGroup>
    <Filter Include="源文件">
      <UniqueIdentifier>{4FC737F1-C7A5-4376-A066-2A32D752A2FF}</UniqueIdentifier>
      <Extensions>cpp;c;cc;cxx;def;odl;idl;hpj;bat;asm;asmx</Extensions>
    </Filter>
    <Filter Include="头文件">
      <UniqueIdentifier>{93995380-89BD-4b04-88EB-625FBE52EBFB}</UniqueIdentifier>
      <Extensions>h;hh;hpp;hxx;hm;inl;inc;xsd</Extensions>
    </Filter>
    <Filter Include="资源文件">
      <UniqueIdentifier>{67DA6AB6-F800-4c08-8B7A-83BB121AAD01}</UniqueIdentifier>
      <Extensions>rc;ico;cur;bmp;dlg;rc2;rct;bin;rgs;gif;jpg;jpeg;jpe;resx;tiff;tif;png;wav;mfcribbon-ms</Extensions>
    </Filter>
    <Filter Include="surface">
      <UniqueIdentifier>{6ffb2fa1-d466-42a3-bba4-a35eead016b7}</UniqueIdentifier>
    </Filter>
    <Filter Include="surface\base">
      <UniqueIdentifier>{e0b5954e-f6ab-4776-9936-4aacbebc1c57}</UniqueIdentifier>
    </Filter>
    <Filter Include="surface\solid">
      <UniqueIdentifier>{6c82c84a-268c-4853-ab40-791e8de95745}</UniqueIdentifier>
    </Filter>
    <Filter Include="block">
      <UniqueIdentifier>{09ea03d3-1864-429a-af7c-f6500c084c40}</UniqueIdentifier>
    </Filter>
    <Filter Include="block\base">
      <UniqueIdentifier>{da5f98a6-8077-4551-8b6c-997ee59f45d8}</UniqueIdentifier>
    </Filter>
    <Filter Include="block\solid">
      <UniqueIdentifier>{6755e088-c116-4481-8608-3588dc977ff9}</UniqueIdentifier>
    </Filter>
    <Filter Include="map">
      <UniqueIdentifier>{35f72df2-f3c9-432b-a9bb-45a124c6577c}</UniqueIdentifier>
    </Filter>
    <Filter Include="map\node">
      <UniqueIdentifier>{46476198-3a9d-4e10-a590-d1b0ec8082e6}</UniqueIdentifier>
    </Filter>
    <Filter Include="map\node\base">
      <UniqueIdentifier>{e3662ac2-c081-4b90-a829-b16c7d403626}</UniqueIdentifier>
    </Filter>
    <Filter Include="map\map">
      <UniqueIdentifier>{c3d2068c-30fe-4946-a85f-81c17ef951e3}</UniqueIdentifier>
    </Filter>
  </ItemGroup>
  <ItemGroup>
    <Text Include="ReadMe.txt" />
  </ItemGroup>
  <ItemGroup>
    <ClInclude Include="stdafx.h">
      <Filter>头文件</Filter>
    </ClInclude>
    <ClInclude Include="targetver.h">
      <Filter>头文件</Filter>
    </ClInclude>
    <ClInclude Include="surface\base\SurfaceBase.h">
      <Filter>surface\base</Filter>
    </ClInclude>
    <ClInclude Include="surface\EarthSurface.h">
      <Filter>surface</Filter>
    </ClInclude>
    <ClInclude Include="block\base\AtomBlockBase.h">
      <Filter>block\base</Filter>
    </ClInclude>
    <ClInclude Include="surface\solid\SolidSurface.h">
      <Filter>surface\solid</Filter>
    </ClInclude>
    <ClInclude Include="block\solid\SolidBlock.h">
      <Filter>block\solid</Filter>
    </ClInclude>
    <ClInclude Include="block\EarthBlock.h">
      <Filter>block</Filter>
    </ClInclude>
    <ClInclude Include="map\node\nodebase\NodeBase.h">
      <Filter>map\node\base</Filter>
    </ClInclude>
    <ClInclude Include="map\map\MapNodeGrid.h">
      <Filter>map\map</Filter>
    </ClInclude>
  </ItemGroup>
  <ItemGroup>
    <ClCompile Include="stdafx.cpp">
      <Filter>源文件</Filter>
    </ClCompile>
    <ClCompile Include="RealWorld.cpp">
      <Filter>源文件</Filter>
    </ClCompile>
    <ClCompile Include="surface\base\SurfaceBase.cpp">
      <Filter>surface\base</Filter>
    </ClCompile>
    <ClCompile Include="surface\EarthSurface.cpp">
      <Filter>surface</Filter>
    </ClCompile>
    <ClCompile Include="block\base\AtomBlockBase.cpp">
      <Filter>block\base</Filter>
    </ClCompile>
    <ClCompile Include="surface\solid\SolidSurface.cpp">
      <Filter>surface\solid</Filter>
    </ClCompile>
    <ClCompile Include="block\solid\SolidBlock.cpp">
      <Filter>block\solid</Filter>
    </ClCompile>
    <ClCompile Include="block\EarthBlock.cpp">
      <Filter>block</Filter>
    </ClCompile>
    <ClCompile Include="map\node\nodebase\NodeBase.cpp">
      <Filter>map\node\base</Filter>
    </ClCompile>
    <ClCompile Include="map\map\MapNodeGrid.cpp">
      <Filter>map\map</Filter>
    </ClCompile>
  </ItemGroup>
</Project>